// !$*UTF8*$!
{
	archiveVersion = 1;
	classes = {
	};
	objectVersion = 46;
	objects = {

/* Begin PBXBuildFile section */
		C4CE4DB01BEBF08400A96384 /* AppDelegate.swift in Sources */ = {isa = PBXBuildFile; fileRef = C4CE4DAF1BEBF08400A96384 /* AppDelegate.swift */; };
		C4CE4DB21BEBF08400A96384 /* ViewController.swift in Sources */ = {isa = PBXBuildFile; fileRef = C4CE4DB11BEBF08400A96384 /* ViewController.swift */; };
		C4CE4DB51BEBF08400A96384 /* Main.storyboard in Resources */ = {isa = PBXBuildFile; fileRef = C4CE4DB31BEBF08400A96384 /* Main.storyboard */; };
		C4CE4DB71BEBF08400A96384 /* Assets.xcassets in Resources */ = {isa = PBXBuildFile; fileRef = C4CE4DB61BEBF08400A96384 /* Assets.xcassets */; };
		C4CE4DBA1BEBF08400A96384 /* LaunchScreen.storyboard in Resources */ = {isa = PBXBuildFile; fileRef = C4CE4DB81BEBF08400A96384 /* LaunchScreen.storyboard */; };
		C4CE4DC21BEBF0D100A96384 /* 01 Live to Rise.m4a in Resources */ = {isa = PBXBuildFile; fileRef = C4CE4DC11BEBF0D100A96384 /* 01 Live to Rise.m4a */; };
		C4CE4DC41BEBF19C00A96384 /* Live_To_Rise_The_Avengers.jpg in Resources */ = {isa = PBXBuildFile; fileRef = C4CE4DC31BEBF19C00A96384 /* Live_To_Rise_The_Avengers.jpg */; };
/* End PBXBuildFile section */

/* Begin PBXFileReference section */
		C4CE4DAC1BEBF08400A96384 /* Music Player.app */ = {isa = PBXFileReference; explicitFileType = wrapper.application; includeInIndex = 0; path = "Music Player.app"; sourceTree = BUILT_PRODUCTS_DIR; };
		C4CE4DAF1BEBF08400A96384 /* AppDelegate.swift */ = {isa = PBXFileReference; lastKnownFileType = sourcecode.swift; path = AppDelegate.swift; sourceTree = "<group>"; };
		C4CE4DB11BEBF08400A96384 /* ViewController.swift */ = {isa = PBXFileReference; lastKnownFileType = sourcecode.swift; path = ViewController.swift; sourceTree = "<group>"; };
		C4CE4DB41BEBF08400A96384 /* Base */ = {isa = PBXFileReference; lastKnownFileType = file.storyboard; name = Base; path = Base.lproj/Main.storyboard; sourceTree = "<group>"; };
		C4CE4DB61BEBF08400A96384 /* Assets.xcassets */ = {isa = PBXFileReference; lastKnownFileType = folder.assetcatalog; path = Assets.xcassets; sourceTree = "<group>"; };
		C4CE4DB91BEBF08400A96384 /* Base */ = {isa = PBXFileReference; lastKnownFileType = file.storyboard; name = Base; path = Base.lproj/LaunchScreen.storyboard; sourceTree = "<group>"; };
		C4CE4DBB1BEBF08400A96384 /* Info.plist */ = {isa = PBXFileReference; lastKnownFileType = text.plist.xml; path = Info.plist; sourceTree = "<group>"; };
		C4CE4DC11BEBF0D100A96384 /* 01 Live to Rise.m4a */ = {isa = PBXFileReference; lastKnownFileType = file; path = "01 Live to Rise.m4a"; sourceTree = "<group>"; };
		C4CE4DC31BEBF19C00A96384 /* Live_To_Rise_The_Avengers.jpg */ = {isa = PBXFileReference; lastKnownFileType = image.jpeg; path = Live_To_Rise_The_Avengers.jpg; sourceTree = "<group>"; };
/* End PBXFileReference section */

/* Begin PBXFrameworksBuildPhase section */
		C4CE4DA91BEBF08400A96384 /* Frameworks */ = {
			isa = PBXFrameworksBuildPhase;
			buildActionMask = 2147483647;
			files = (
			);
			runOnlyForDeploymentPostprocessing = 0;
		};
/* End PBXFrameworksBuildPhase section */

/* Begin PBXGroup section */
		C4CE4DA31BEBF08400A96384 = {
			isa = PBXGroup;
			children = (
				C4CE4DAE1BEBF08400A96384 /* Music Player */,
				C4CE4DAD1BEBF08400A96384 /* Products */,
			);
			sourceTree = "<group>";
		};
		C4CE4DAD1BEBF08400A96384 /* Products */ = {
			isa = PBXGroup;
			children = (
				C4CE4DAC1BEBF08400A96384 /* Music Player.app */,
			);
			name = Products;
			sourceTree = "<group>";
		};
		C4CE4DAE1BEBF08400A96384 /* Music Player */ = {
			isa = PBXGroup;
			children = (
				C4CE4DAF1BEBF08400A96384 /* AppDelegate.swift */,
				C4CE4DB11BEBF08400A96384 /* ViewController.swift */,
				C4CE4DB31BEBF08400A96384 /* Main.storyboard */,
				C4CE4DC31BEBF19C00A96384 /* Live_To_Rise_The_Avengers.jpg */,
				C4CE4DC11BEBF0D100A96384 /* 01 Live to Rise.m4a */,
				C4CE4DB61BEBF08400A96384 /* Assets.xcassets */,
				C4CE4DB81BEBF08400A96384 /* LaunchScreen.storyboard */,
				C4CE4DBB1BEBF08400A96384 /* Info.plist */,
			);
			path = "Music Player";
			sourceTree = "<group>";
		};
/* End PBXGroup section */

/* Begin PBXNativeTarget section */
		C4CE4DAB1BEBF08400A96384 /* Music Player */ = {
			isa = PBXNativeTarget;
			buildConfigurationList = C4CE4DBE1BEBF08400A96384 /* Build configuration list for PBXNativeTarget "Music Player" */;
			buildPhases = (
				C4CE4DA81BEBF08400A96384 /* Sources */,
				C4CE4DA91BEBF08400A96384 /* Frameworks */,
				C4CE4DAA1BEBF08400A96384 /* Resources */,
			);
			buildRules = (
			);
			dependencies = (
			);
			name = "Music Player";
			productName = "Music Player";
			productReference = C4CE4DAC1BEBF08400A96384 /* Music Player.app */;
			productType = "com.apple.product-type.application";
		};
/* End PBXNativeTarget section */

/* Begin PBXProject section */
		C4CE4DA41BEBF08400A96384 /* Project object */ = {
			isa = PBXProject;
			attributes = {
				LastSwiftUpdateCheck = 0710;
				LastUpgradeCheck = 0710;
				ORGANIZATIONNAME = "Jimmy Carlson";
				TargetAttributes = {
					C4CE4DAB1BEBF08400A96384 = {
						CreatedOnToolsVersion = 7.1;
						DevelopmentTeam = T889TZV9W9;
					};
				};
			};
			buildConfigurationList = C4CE4DA71BEBF08400A96384 /* Build configuration list for PBXProject "Music Player" */;
			compatibilityVersion = "Xcode 3.2";
			developmentRegion = English;
			hasScannedForEncodings = 0;
			knownRegions = (
				en,
				Base,
			);
			mainGroup = C4CE4DA31BEBF08400A96384;
			productRefGroup = C4CE4DAD1BEBF08400A96384 /* Products */;
			projectDirPath = "";
			projectRoot = "";
			targets = (
				C4CE4DAB1BEBF08400A96384 /* Music Player */,
			);
		};
/* End PBXProject section */

/* Begin PBXResourcesBuildPhase section */
		C4CE4DAA1BEBF08400A96384 /* Resources */ = {
			isa = PBXResourcesBuildPhase;
			buildActionMask = 2147483647;
			files = (
				C4CE4DBA1BEBF08400A96384 /* LaunchScreen.storyboard in Resources */,
				C4CE4DB71BEBF08400A96384 /* Assets.xcassets in Resources */,
				C4CE4DC21BEBF0D100A96384 /* 01 Live to Rise.m4a in Resources */,
				C4CE4DC41BEBF19C00A96384 /* Live_To_Rise_The_Avengers.jpg in Resources */,
				C4CE4DB51BEBF08400A96384 /* Main.storyboard in Resources */,
			);
			runOnlyForDeploymentPostprocessing = 0;
		};
/* End PBXResourcesBuildPhase section */

/* Begin PBXSourcesBuildPhase section */
		C4CE4DA81BEBF08400A96384 /* Sources */ = {
			isa = PBXSourcesBuildPhase;
			buildActionMask = 2147483647;
			files = (
				C4CE4DB21BEBF08400A96384 /* ViewController.swift in Sources */,
				C4CE4DB01BEBF08400A96384 /* AppDelegate.swift in Sources */,
			);
			runOnlyForDeploymentPostprocessing = 0;
		};
/* End PBXSourcesBuildPhase section */

/* Begin PBXVariantGroup section */
		C4CE4DB31BEBF08400A96384 /* Main.storyboard */ = {
			isa = PBXVariantGroup;
			children = (
				C4CE4DB41BEBF08400A96384 /* Base */,
			);
			name = Main.storyboard;
			sourceTree = "<group>";
		};
		C4CE4DB81BEBF08400A96384 /* LaunchScreen.storyboard */ = {
			isa = PBXVariantGroup;
			children = (
				C4CE4DB91BEBF08400A96384 /* Base */,
			);
			name = LaunchScreen.storyboard;
			sourceTree = "<group>";
		};
/* End PBXVariantGroup section */

/* Begin XCBuildConfiguration section */
		C4CE4DBC1BEBF08400A96384 /* Debug */ = {
			isa = XCBuildConfiguration;
			buildSettings = {
				ALWAYS_SEARCH_USER_PATHS = NO;
				CLANG_CXX_LANGUAGE_STANDARD = "gnu++0x";
				CLANG_CXX_LIBRARY = "libc++";
				CLANG_ENABLE_MODULES = YES;
				CLANG_ENABLE_OBJC_ARC = YES;
				CLANG_WARN_BOOL_CONVERSION = YES;
				CLANG_WARN_CONSTANT_CONVERSION = YES;
				CLANG_WARN_DIRECT_OBJC_ISA_USAGE = YES_ERROR;
				CLANG_WARN_EMPTY_BODY = YES;
				CLANG_WARN_ENUM_CONVERSION = YES;
				CLANG_WARN_INT_CONVERSION = YES;
				CLANG_WARN_OBJC_ROOT_CLASS = YES_ERROR;
				CLANG_WARN_UNREACHABLE_CODE = YES;
				CLANG_WARN__DUPLICATE_METHOD_MATCH = YES;
				"CODE_SIGN_IDENTITY[sdk=iphoneos*]" = "iPhone Developer";
				COPY_PHASE_STRIP = NO;
				DEBUG_INFORMATION_FORMAT = dwarf;
				ENABLE_STRICT_OBJC_MSGSEND = YES;
				ENABLE_TESTABILITY = YES;
				GCC_C_LANGUAGE_STANDARD = gnu99;
				GCC_DYNAMIC_NO_PIC = NO;
				GCC_NO_COMMON_BLOCKS = YES;
				GCC_OPTIMIZATION_LEVEL = 0;
				GCC_PREPROCESSOR_DEFINITIONS = (
					"DEBUG=1",
					"$(inherited)",
				);
				GCC_WARN_64_TO_32_BIT_CONVERSION = YES;
				GCC_WARN_ABOUT_RETURN_TYPE = YES_ERROR;
				GCC_WARN_UNDECLARED_SELECTOR = YES;
				GCC_WARN_UNINITIALIZED_AUTOS = YES_AGGRESSIVE;
				GCC_WARN_UNUSED_FUNCTION = YES;
				GCC_WARN_UNUSED_VARIABLE = YES;
				IPHONEOS_DEPLOYMENT_TARGET = 9.1;
				MTL_ENABLE_DEBUG_INFO = YES;
				ONLY_ACTIVE_ARCH = YES;
				SDKROOT = iphoneos;
				SWIFT_OPTIMIZATION_LEVEL = "-Onone";
				TARGETED_DEVICE_FAMILY = "1,2";
			};
			name = Debug;
		};
		C4CE4DBD1BEBF08400A96384 /* Release */ = {
			isa = XCBuildConfiguration;
			buildSettings = {
				ALWAYS_SEARCH_USER_PATHS = NO;
				CLANG_CXX_LANGUAGE_STANDARD = "gnu++0x";
				CLANG_CXX_LIBRARY = "libc++";
				CLANG_ENABLE_MODULES = YES;
				CLANG_ENABLE_OBJC_ARC = YES;
				CLANG_WARN_BOOL_CONVERSION = YES;
				CLANG_WARN_CONSTANT_CONVERSION = YES;
				CLANG_WARN_DIRECT_OBJC_ISA_USAGE = YES_ERROR;
				CLANG_WARN_EMPTY_BODY = YES;
				CLANG_WARN_ENUM_CONVERSION = YES;
				CLANG_WARN_INT_CONVERSION = YES;
				CLANG_WARN_OBJC_ROOT_CLASS = YES_ERROR;
				CLANG_WARN_UNREACHABLE_CODE = YES;
				CLANG_WARN__DUPLICATE_METHOD_MATCH = YES;
				"CODE_SIGN_IDENTITY[sdk=iphoneos*]" = "iPhone Developer";
				COPY_PHASE_STRIP = NO;
				DEBUG_INFORMATION_FORMAT = "dwarf-with-dsym";
				ENABLE_NS_ASSERTIONS = NO;
				ENABLE_STRICT_OBJC_MSGSEND = YES;
				GCC_C_LANGUAGE_STANDARD = gnu99;
				GCC_NO_COMMON_BLOCKS = YES;
				GCC_WARN_64_TO_32_BIT_CONVERSION = YES;
				GCC_WARN_ABOUT_RETURN_TYPE = YES_ERROR;
				GCC_WARN_UNDECLARED_SELECTOR = YES;
				GCC_WARN_UNINITIALIZED_AUTOS = YES_AGGRESSIVE;
				GCC_WARN_UNUSED_FUNCTION = YES;
				GCC_WARN_UNUSED_VARIABLE = YES;
				IPHONEOS_DEPLOYMENT_TARGET = 9.1;
				MTL_ENABLE_DEBUG_INFO = NO;
				SDKROOT = iphoneos;
				TARGETED_DEVICE_FAMILY = "1,2";
				VALIDATE_PRODUCT = YES;
			};
			name = Release;
		};
		C4CE4DBF1BEBF08400A96384 /* Debug */ = {
			isa = XCBuildConfiguration;
			buildSettings = {
				ASSETCATALOG_COMPILER_APPICON_NAME = AppIcon;
				INFOPLIST_FILE = "Music Player/Info.plist";
				LD_RUNPATH_SEARCH_PATHS = "$(inherited) @executable_path/Frameworks";
				PRODUCT_BUNDLE_IDENTIFIER = com.example.MusicPlayer;
				PRODUCT_NAME = "$(TARGET_NAME)";
			};
			name = Debug;
		};
		C4CE4DC01BEBF08400A96384 /* Release */ = {
			isa = XCBuildConfiguration;
			buildSettings = {
				ASSETCATALOG_COMPILER_APPICON_NAME = AppIcon;
				INFOPLIST_FILE = "Music Player/Info.plist";
				LD_RUNPATH_SEARCH_PATHS = "$(inherited) @executable_path/Frameworks";
				PRODUCT_BUNDLE_IDENTIFIER = com.example.MusicPlayer;
				PRODUCT_NAME = "$(TARGET_NAME)";
			};
			name = Release;
		};
/* End XCBuildConfiguration section */

/* Begin XCConfigurationList section */
		C4CE4DA71BEBF08400A96384 /* Build configuration list for PBXProject "Music Player" */ = {
			isa = XCConfigurationList;
			buildConfigurations = (
				C4CE4DBC1BEBF08400A96384 /* Debug */,
				C4CE4DBD1BEBF08400A96384 /* Release */,
			);
			defaultConfigurationIsVisible = 0;
			defaultConfigurationName = Release;
		};
		C4CE4DBE1BEBF08400A96384 /* Build configuration list for PBXNativeTarget "Music Player" */ = {
			isa = XCConfigurationList;
			buildConfigurations = (
				C4CE4DBF1BEBF08400A96384 /* Debug */,
				C4CE4DC01BEBF08400A96384 /* Release */,
			);
			defaultConfigurationIsVisible = 0;
		};
/* End XCConfigurationList section */
	};
	rootObject = C4CE4DA41BEBF08400A96384 /* Project object */;
}
